
Microsoft Visual Studio Solution File, Format Version 12.00
# Visual Studio 15
VisualStudioVersion = 15.0.26124.0
MinimumVisualStudioVersion = 15.0.26124.0
Project("{FAE04EC0-301F-11D3-BF4B-00C04F79EFBC}") = "Graphene", "Graphene.Library\Graphene.csproj", "{6E3B2792-BDFF-4132-8444-2BA829B8BE7D}"
EndProject
Project("{FAE04EC0-301F-11D3-BF4B-00C04F79EFBC}") = "Graphene.Test", "Graphene.Test\Graphene.Test.csproj", "{CCE0293D-0B59-4070-88BE-B0B000230858}"
EndProject
Global
	GlobalSection(SolutionConfigurationPlatforms) = preSolution
		Debug|Any CPU = Debug|Any CPU
		Debug|x64 = Debug|x64
		Debug|x86 = Debug|x86
		Release|Any CPU = Release|Any CPU
		Release|x64 = Release|x64
		Release|x86 = Release|x86
	EndGlobalSection
	GlobalSection(SolutionProperties) = preSolution
		HideSolutionNode = FALSE
	EndGlobalSection
	GlobalSection(ProjectConfigurationPlatforms) = postSolution
		{6E3B2792-BDFF-4132-8444-2BA829B8BE7D}.Debug|Any CPU.ActiveCfg = Debug|Any CPU
		{6E3B2792-BDFF-4132-8444-2BA829B8BE7D}.Debug|Any CPU.Build.0 = Debug|Any CPU
		{6E3B2792-BDFF-4132-8444-2BA829B8BE7D}.Debug|x64.ActiveCfg = Debug|Any CPU
		{6E3B2792-BDFF-4132-8444-2BA829B8BE7D}.Debug|x64.Build.0 = Debug|Any CPU
		{6E3B2792-BDFF-4132-8444-2BA829B8BE7D}.Debug|x86.ActiveCfg = Debug|Any CPU
		{6E3B2792-BDFF-4132-8444-2BA829B8BE7D}.Debug|x86.Build.0 = Debug|Any CPU
		{6E3B2792-BDFF-4132-8444-2BA829B8BE7D}.Release|Any CPU.ActiveCfg = Release|Any CPU
		{6E3B2792-BDFF-4132-8444-2BA829B8BE7D}.Release|Any CPU.Build.0 = Release|Any CPU
		{6E3B2792-BDFF-4132-8444-2BA829B8BE7D}.Release|x64.ActiveCfg = Release|Any CPU
		{6E3B2792-BDFF-4132-8444-2BA829B8BE7D}.Release|x64.Build.0 = Release|Any CPU
		{6E3B2792-BDFF-4132-8444-2BA829B8BE7D}.Release|x86.ActiveCfg = Release|Any CPU
		{6E3B2792-BDFF-4132-8444-2BA829B8BE7D}.Release|x86.Build.0 = Release|Any CPU
		{CCE0293D-0B59-4070-88BE-B0B000230858}.Debug|Any CPU.ActiveCfg = Debug|Any CPU
		{CCE0293D-0B59-4070-88BE-B0B000230858}.Debug|Any CPU.Build.0 = Debug|Any CPU
		{CCE0293D-0B59-4070-88BE-B0B000230858}.Debug|x64.ActiveCfg = Debug|Any CPU
		{CCE0293D-0B59-4070-88BE-B0B000230858}.Debug|x64.Build.0 = Debug|Any CPU
		{CCE0293D-0B59-4070-88BE-B0B000230858}.Debug|x86.ActiveCfg = Debug|Any CPU
		{CCE0293D-0B59-4070-88BE-B0B000230858}.Debug|x86.Build.0 = Debug|Any CPU
		{CCE0293D-0B59-4070-88BE-B0B000230858}.Release|Any CPU.ActiveCfg = Release|Any CPU
		{CCE0293D-0B59-4070-88BE-B0B000230858}.Release|Any CPU.Build.0 = Release|Any CPU
		{CCE0293D-0B59-4070-88BE-B0B000230858}.Release|x64.ActiveCfg = Release|Any CPU
		{CCE0293D-0B59-4070-88BE-B0B000230858}.Release|x64.Build.0 = Release|Any CPU
		{CCE0293D-0B59-4070-88BE-B0B000230858}.Release|x86.ActiveCfg = Release|Any CPU
		{CCE0293D-0B59-4070-88BE-B0B000230858}.Release|x86.Build.0 = Release|Any CPU
	EndGlobalSection
EndGlobal
